
Microsoft Visual Studio Solution File, Format Version 12.00
# Visual Studio Version 17
VisualStudioVersion = 17.3.32819.101
MinimumVisualStudioVersion = 10.0.40219.1
Project("{FAE04EC0-301F-11D3-BF4B-00C04F79EFBC}") = "MetalOrbit", "MetalOrbit\MetalOrbit.csproj", "{90C5E99E-256B-4C36-BB72-28EA51647197}"
EndProject
Project("{FAE04EC0-301F-11D3-BF4B-00C04F79EFBC}") = "MetalOrbitApi", "..\MetalOrbitApi\MetalOrbitApi.csproj", "{F65CA635-0C3F-43E8-B9F0-9B862035C143}"
EndProject
Project("{2150E333-8FDC-42A3-9474-1A3956D46DE8}") = "PRESENTATION", "PRESENTATION", "{81ED48B6-820F-4486-8139-9E02BCE578A7}"
EndProject
Global
	GlobalSection(SolutionConfigurationPlatforms) = preSolution
		Debug|Any CPU = Debug|Any CPU
		Release|Any CPU = Release|Any CPU
	EndGlobalSection
	GlobalSection(ProjectConfigurationPlatforms) = postSolution
		{90C5E99E-256B-4C36-BB72-28EA51647197}.Debug|Any CPU.ActiveCfg = Debug|Any CPU
		{90C5E99E-256B-4C36-BB72-28EA51647197}.Debug|Any CPU.Build.0 = Debug|Any CPU
		{90C5E99E-256B-4C36-BB72-28EA51647197}.Release|Any CPU.ActiveCfg = Release|Any CPU
		{90C5E99E-256B-4C36-BB72-28EA51647197}.Release|Any CPU.Build.0 = Release|Any CPU
		{F65CA635-0C3F-43E8-B9F0-9B862035C143}.Debug|Any CPU.ActiveCfg = Debug|Any CPU
		{F65CA635-0C3F-43E8-B9F0-9B862035C143}.Debug|Any CPU.Build.0 = Debug|Any CPU
		{F65CA635-0C3F-43E8-B9F0-9B862035C143}.Release|Any CPU.ActiveCfg = Release|Any CPU
		{F65CA635-0C3F-43E8-B9F0-9B862035C143}.Release|Any CPU.Build.0 = Release|Any CPU
	EndGlobalSection
	GlobalSection(SolutionProperties) = preSolution
		HideSolutionNode = FALSE
	EndGlobalSection
	GlobalSection(NestedProjects) = preSolution
		{90C5E99E-256B-4C36-BB72-28EA51647197} = {81ED48B6-820F-4486-8139-9E02BCE578A7}
		{F65CA635-0C3F-43E8-B9F0-9B862035C143} = {81ED48B6-820F-4486-8139-9E02BCE578A7}
	EndGlobalSection
	GlobalSection(ExtensibilityGlobals) = postSolution
		SolutionGuid = {0997946C-F745-4E05-AC74-C595FC508210}
	EndGlobalSection
EndGlobal
